
Microsoft Visual Studio Solution File, Format Version 12.00
# Visual Studio Version 17
VisualStudioVersion = 17.0.31903.59
MinimumVisualStudioVersion = 10.0.40219.1
Project("{2150E333-8FDC-42A3-9474-1A3956D46DE8}") = "src", "src", "{B85ACE3F-9A8D-4D10-B78D-52907C1C6AEA}"
EndProject
Project("{FAE04EC0-301F-11D3-BF4B-00C04F79EFBC}") = "BackendApiService", "src\BackendApiService\BackendApiService.csproj", "{BEF82E1D-C0F0-497D-AAB1-D69CDFEDB2B6}"
EndProject
Project("{FAE04EC0-301F-11D3-BF4B-00C04F79EFBC}") = "MainService", "src\MainService\MainService.csproj", "{486F2DEE-4A4F-417C-B400-EC7E8824CAB0}"
EndProject
Global
	GlobalSection(SolutionConfigurationPlatforms) = preSolution
		Debug|Any CPU = Debug|Any CPU
		Release|Any CPU = Release|Any CPU
	EndGlobalSection
	GlobalSection(SolutionProperties) = preSolution
		HideSolutionNode = FALSE
	EndGlobalSection
	GlobalSection(ProjectConfigurationPlatforms) = postSolution
		{BEF82E1D-C0F0-497D-AAB1-D69CDFEDB2B6}.Debug|Any CPU.ActiveCfg = Debug|Any CPU
		{BEF82E1D-C0F0-497D-AAB1-D69CDFEDB2B6}.Debug|Any CPU.Build.0 = Debug|Any CPU
		{BEF82E1D-C0F0-497D-AAB1-D69CDFEDB2B6}.Release|Any CPU.ActiveCfg = Release|Any CPU
		{BEF82E1D-C0F0-497D-AAB1-D69CDFEDB2B6}.Release|Any CPU.Build.0 = Release|Any CPU
		{486F2DEE-4A4F-417C-B400-EC7E8824CAB0}.Debug|Any CPU.ActiveCfg = Debug|Any CPU
		{486F2DEE-4A4F-417C-B400-EC7E8824CAB0}.Debug|Any CPU.Build.0 = Debug|Any CPU
		{486F2DEE-4A4F-417C-B400-EC7E8824CAB0}.Release|Any CPU.ActiveCfg = Release|Any CPU
		{486F2DEE-4A4F-417C-B400-EC7E8824CAB0}.Release|Any CPU.Build.0 = Release|Any CPU
	EndGlobalSection
	GlobalSection(NestedProjects) = preSolution
		{BEF82E1D-C0F0-497D-AAB1-D69CDFEDB2B6} = {B85ACE3F-9A8D-4D10-B78D-52907C1C6AEA}
		{486F2DEE-4A4F-417C-B400-EC7E8824CAB0} = {B85ACE3F-9A8D-4D10-B78D-52907C1C6AEA}
	EndGlobalSection
EndGlobal
